
Microsoft Visual Studio Solution File, Format Version 12.00
# Visual Studio Version 16
VisualStudioVersion = 16.0.31105.61
MinimumVisualStudioVersion = 10.0.40219.1
Project("{FAE04EC0-301F-11D3-BF4B-00C04F79EFBC}") = "CSWPF_NoughtsAndCrosses", "CSWPF_NoughtsAndCrosses\CSWPF_NoughtsAndCrosses.csproj", "{657DA6E8-270E-4D18-AA76-2FFEA561503F}"
EndProject
Global
	GlobalSection(SolutionConfigurationPlatforms) = preSolution
		Debug|Any CPU = Debug|Any CPU
		Release|Any CPU = Release|Any CPU
	EndGlobalSection
	GlobalSection(ProjectConfigurationPlatforms) = postSolution
		{657DA6E8-270E-4D18-AA76-2FFEA561503F}.Debug|Any CPU.ActiveCfg = Debug|Any CPU
		{657DA6E8-270E-4D18-AA76-2FFEA561503F}.Debug|Any CPU.Build.0 = Debug|Any CPU
		{657DA6E8-270E-4D18-AA76-2FFEA561503F}.Release|Any CPU.ActiveCfg = Release|Any CPU
		{657DA6E8-270E-4D18-AA76-2FFEA561503F}.Release|Any CPU.Build.0 = Release|Any CPU
	EndGlobalSection
	GlobalSection(SolutionProperties) = preSolution
		HideSolutionNode = FALSE
	EndGlobalSection
	GlobalSection(ExtensibilityGlobals) = postSolution
		SolutionGuid = {A2F4AF02-B164-4946-9818-4019EFF2BB35}
	EndGlobalSection
EndGlobal
